// !$*UTF8*$!
{
	archiveVersion = 1;
	classes = {
	};
	objectVersion = 55;
	objects = {

/* Begin PBXBuildFile section */
		A3539BC352AD46029724831C /* Pods_NewYummUI.framework in Frameworks */ = {isa = PBXBuildFile; fileRef = BB52F0DC6CC5237555FF6D7A /* Pods_NewYummUI.framework */; };
		ED05867B2D8781D60087174F /* workouts_api.py in Resources */ = {isa = PBXBuildFile; fileRef = ED05867A2D8781D60087174F /* workouts_api.py */; };
		ED1A379E2D87009D00412B45 /* Workout.swift in Sources */ = {isa = PBXBuildFile; fileRef = ED1A379D2D87009D00412B45 /* Workout.swift */; };
		EDEB13262D86E08D00E57616 /* NewYummUIApp.swift in Sources */ = {isa = PBXBuildFile; fileRef = EDEB13252D86E08D00E57616 /* NewYummUIApp.swift */; };
		EDEB13282D86E08D00E57616 /* ContentView.swift in Sources */ = {isa = PBXBuildFile; fileRef = EDEB13272D86E08D00E57616 /* ContentView.swift */; };
		EDEB132A2D86E09400E57616 /* Assets.xcassets in Resources */ = {isa = PBXBuildFile; fileRef = EDEB13292D86E09400E57616 /* Assets.xcassets */; };
		EDEB132D2D86E09400E57616 /* Preview Assets.xcassets in Resources */ = {isa = PBXBuildFile; fileRef = EDEB132C2D86E09400E57616 /* Preview Assets.xcassets */; };
		EDEB132F2D86E09400E57616 /* Persistence.swift in Sources */ = {isa = PBXBuildFile; fileRef = EDEB132E2D86E09400E57616 /* Persistence.swift */; };
		EDEB13322D86E09400E57616 /* NewYummUI.xcdatamodeld in Sources */ = {isa = PBXBuildFile; fileRef = EDEB13302D86E09400E57616 /* NewYummUI.xcdatamodeld */; };
		EDEB133C2D86E09500E57616 /* NewYummUITests.swift in Sources */ = {isa = PBXBuildFile; fileRef = EDEB133B2D86E09500E57616 /* NewYummUITests.swift */; };
		EDEB13462D86E09500E57616 /* NewYummUIUITests.swift in Sources */ = {isa = PBXBuildFile; fileRef = EDEB13452D86E09500E57616 /* NewYummUIUITests.swift */; };
		EDEB13482D86E09500E57616 /* NewYummUIUITestsLaunchTests.swift in Sources */ = {isa = PBXBuildFile; fileRef = EDEB13472D86E09500E57616 /* NewYummUIUITestsLaunchTests.swift */; };
		EDEB13582D86E18600E57616 /* Constants.swift in Sources */ = {isa = PBXBuildFile; fileRef = EDEB13552D86E18500E57616 /* Constants.swift */; };
		EDEB13592D86E18600E57616 /* APIClient.swift in Sources */ = {isa = PBXBuildFile; fileRef = EDEB13562D86E18500E57616 /* APIClient.swift */; };
		EDEB135A2D86E18600E57616 /* APIRouter.swift in Sources */ = {isa = PBXBuildFile; fileRef = EDEB13572D86E18500E57616 /* APIRouter.swift */; };
		EDEB135C2D86F68900E57616 /* Podfile in Resources */ = {isa = PBXBuildFile; fileRef = EDEB135B2D86F68900E57616 /* Podfile */; };
/* End PBXBuildFile section */

/* Begin PBXContainerItemProxy section */
		EDEB13382D86E09500E57616 /* PBXContainerItemProxy */ = {
			isa = PBXContainerItemProxy;
			containerPortal = EDEB131A2D86E08D00E57616 /* Project object */;
			proxyType = 1;
			remoteGlobalIDString = EDEB13212D86E08D00E57616;
			remoteInfo = NewYummUI;
		};
		EDEB13422D86E09500E57616 /* PBXContainerItemProxy */ = {
			isa = PBXContainerItemProxy;
			containerPortal = EDEB131A2D86E08D00E57616 /* Project object */;
			proxyType = 1;
			remoteGlobalIDString = EDEB13212D86E08D00E57616;
			remoteInfo = NewYummUI;
		};
/* End PBXContainerItemProxy section */

/* Begin PBXFileReference section */
		35597B6B6A0B1336675EC235 /* Pods-NewYummUI.debug.xcconfig */ = {isa = PBXFileReference; includeInIndex = 1; lastKnownFileType = text.xcconfig; name = "Pods-NewYummUI.debug.xcconfig"; path = "Target Support Files/Pods-NewYummUI/Pods-NewYummUI.debug.xcconfig"; sourceTree = "<group>"; };
		B1EAFE37CEB614D945D15C8B /* Pods-NewYummUI.release.xcconfig */ = {isa = PBXFileReference; includeInIndex = 1; lastKnownFileType = text.xcconfig; name = "Pods-NewYummUI.release.xcconfig"; path = "Target Support Files/Pods-NewYummUI/Pods-NewYummUI.release.xcconfig"; sourceTree = "<group>"; };
		BB52F0DC6CC5237555FF6D7A /* Pods_NewYummUI.framework */ = {isa = PBXFileReference; explicitFileType = wrapper.framework; includeInIndex = 0; path = Pods_NewYummUI.framework; sourceTree = BUILT_PRODUCTS_DIR; };
		ED05867A2D8781D60087174F /* workouts_api.py */ = {isa = PBXFileReference; fileEncoding = 4; lastKnownFileType = text.script.python; path = workouts_api.py; sourceTree = "<group>"; };
		ED1A379D2D87009D00412B45 /* Workout.swift */ = {isa = PBXFileReference; lastKnownFileType = sourcecode.swift; path = Workout.swift; sourceTree = "<group>"; };
		EDEB13222D86E08D00E57616 /* NewYummUI.app */ = {isa = PBXFileReference; explicitFileType = wrapper.application; includeInIndex = 0; path = NewYummUI.app; sourceTree = BUILT_PRODUCTS_DIR; };
		EDEB13252D86E08D00E57616 /* NewYummUIApp.swift */ = {isa = PBXFileReference; lastKnownFileType = sourcecode.swift; path = NewYummUIApp.swift; sourceTree = "<group>"; };
		EDEB13272D86E08D00E57616 /* ContentView.swift */ = {isa = PBXFileReference; lastKnownFileType = sourcecode.swift; path = ContentView.swift; sourceTree = "<group>"; };
		EDEB13292D86E09400E57616 /* Assets.xcassets */ = {isa = PBXFileReference; lastKnownFileType = folder.assetcatalog; path = Assets.xcassets; sourceTree = "<group>"; };
		EDEB132C2D86E09400E57616 /* Preview Assets.xcassets */ = {isa = PBXFileReference; lastKnownFileType = folder.assetcatalog; path = "Preview Assets.xcassets"; sourceTree = "<group>"; };
		EDEB132E2D86E09400E57616 /* Persistence.swift */ = {isa = PBXFileReference; lastKnownFileType = sourcecode.swift; path = Persistence.swift; sourceTree = "<group>"; };
		EDEB13312D86E09400E57616 /* NewYummUI.xcdatamodel */ = {isa = PBXFileReference; lastKnownFileType = wrapper.xcdatamodel; path = NewYummUI.xcdatamodel; sourceTree = "<group>"; };
		EDEB13372D86E09500E57616 /* NewYummUITests.xctest */ = {isa = PBXFileReference; explicitFileType = wrapper.cfbundle; includeInIndex = 0; path = NewYummUITests.xctest; sourceTree = BUILT_PRODUCTS_DIR; };
		EDEB133B2D86E09500E57616 /* NewYummUITests.swift */ = {isa = PBXFileReference; lastKnownFileType = sourcecode.swift; path = NewYummUITests.swift; sourceTree = "<group>"; };
		EDEB13412D86E09500E57616 /* NewYummUIUITests.xctest */ = {isa = PBXFileReference; explicitFileType = wrapper.cfbundle; includeInIndex = 0; path = NewYummUIUITests.xctest; sourceTree = BUILT_PRODUCTS_DIR; };
		EDEB13452D86E09500E57616 /* NewYummUIUITests.swift */ = {isa = PBXFileReference; lastKnownFileType = sourcecode.swift; path = NewYummUIUITests.swift; sourceTree = "<group>"; };
		EDEB13472D86E09500E57616 /* NewYummUIUITestsLaunchTests.swift */ = {isa = PBXFileReference; lastKnownFileType = sourcecode.swift; path = NewYummUIUITestsLaunchTests.swift; sourceTree = "<group>"; };
		EDEB13552D86E18500E57616 /* Constants.swift */ = {isa = PBXFileReference; fileEncoding = 4; lastKnownFileType = sourcecode.swift; path = Constants.swift; sourceTree = "<group>"; };
		EDEB13562D86E18500E57616 /* APIClient.swift */ = {isa = PBXFileReference; fileEncoding = 4; lastKnownFileType = sourcecode.swift; path = APIClient.swift; sourceTree = "<group>"; };
		EDEB13572D86E18500E57616 /* APIRouter.swift */ = {isa = PBXFileReference; fileEncoding = 4; lastKnownFileType = sourcecode.swift; path = APIRouter.swift; sourceTree = "<group>"; };
		EDEB135B2D86F68900E57616 /* Podfile */ = {isa = PBXFileReference; lastKnownFileType = text; path = Podfile; sourceTree = "<group>"; xcLanguageSpecificationIdentifier = xcode.lang.ruby; };
/* End PBXFileReference section */

/* Begin PBXFrameworksBuildPhase section */
		EDEB131F2D86E08D00E57616 /* Frameworks */ = {
			isa = PBXFrameworksBuildPhase;
			buildActionMask = 2147483647;
			files = (
				A3539BC352AD46029724831C /* Pods_NewYummUI.framework in Frameworks */,
			);
			runOnlyForDeploymentPostprocessing = 0;
		};
		EDEB13342D86E09500E57616 /* Frameworks */ = {
			isa = PBXFrameworksBuildPhase;
			buildActionMask = 2147483647;
			files = (
			);
			runOnlyForDeploymentPostprocessing = 0;
		};
		EDEB133E2D86E09500E57616 /* Frameworks */ = {
			isa = PBXFrameworksBuildPhase;
			buildActionMask = 2147483647;
			files = (
			);
			runOnlyForDeploymentPostprocessing = 0;
		};
/* End PBXFrameworksBuildPhase section */

/* Begin PBXGroup section */
		ED0586792D8780710087174F /* Workouts_Api */ = {
			isa = PBXGroup;
			children = (
				ED05867A2D8781D60087174F /* workouts_api.py */,
			);
			path = Workouts_Api;
			sourceTree = "<group>";
		};
		ED1A379C2D87008100412B45 /* Workouts Section */ = {
			isa = PBXGroup;
			children = (
				ED1A379D2D87009D00412B45 /* Workout.swift */,
			);
			path = "Workouts Section";
			sourceTree = "<group>";
		};
		EDEB13192D86E08D00E57616 = {
			isa = PBXGroup;
			children = (
				ED0586792D8780710087174F /* Workouts_Api */,
				EDEB135B2D86F68900E57616 /* Podfile */,
				EDEB13242D86E08D00E57616 /* NewYummUI */,
				EDEB133A2D86E09500E57616 /* NewYummUITests */,
				EDEB13442D86E09500E57616 /* NewYummUIUITests */,
				EDEB13232D86E08D00E57616 /* Products */,
				FDFBE698645ED5D66A67D750 /* Pods */,
				F18F45A04FAC41A8673C0EC5 /* Frameworks */,
			);
			sourceTree = "<group>";
		};
		EDEB13232D86E08D00E57616 /* Products */ = {
			isa = PBXGroup;
			children = (
				EDEB13222D86E08D00E57616 /* NewYummUI.app */,
				EDEB13372D86E09500E57616 /* NewYummUITests.xctest */,
				EDEB13412D86E09500E57616 /* NewYummUIUITests.xctest */,
			);
			name = Products;
			sourceTree = "<group>";
		};
		EDEB13242D86E08D00E57616 /* NewYummUI */ = {
			isa = PBXGroup;
			children = (
				ED1A379C2D87008100412B45 /* Workouts Section */,
				EDEB13542D86E18500E57616 /* API */,
				EDEB13252D86E08D00E57616 /* NewYummUIApp.swift */,
				EDEB13272D86E08D00E57616 /* ContentView.swift */,
				EDEB13292D86E09400E57616 /* Assets.xcassets */,
				EDEB132E2D86E09400E57616 /* Persistence.swift */,
				EDEB13302D86E09400E57616 /* NewYummUI.xcdatamodeld */,
				EDEB132B2D86E09400E57616 /* Preview Content */,
			);
			path = NewYummUI;
			sourceTree = "<group>";
		};
		EDEB132B2D86E09400E57616 /* Preview Content */ = {
			isa = PBXGroup;
			children = (
				EDEB132C2D86E09400E57616 /* Preview Assets.xcassets */,
			);
			path = "Preview Content";
			sourceTree = "<group>";
		};
		EDEB133A2D86E09500E57616 /* NewYummUITests */ = {
			isa = PBXGroup;
			children = (
				EDEB133B2D86E09500E57616 /* NewYummUITests.swift */,
			);
			path = NewYummUITests;
			sourceTree = "<group>";
		};
		EDEB13442D86E09500E57616 /* NewYummUIUITests */ = {
			isa = PBXGroup;
			children = (
				EDEB13452D86E09500E57616 /* NewYummUIUITests.swift */,
				EDEB13472D86E09500E57616 /* NewYummUIUITestsLaunchTests.swift */,
			);
			path = NewYummUIUITests;
			sourceTree = "<group>";
		};
		EDEB13542D86E18500E57616 /* API */ = {
			isa = PBXGroup;
			children = (
				EDEB13552D86E18500E57616 /* Constants.swift */,
				EDEB13562D86E18500E57616 /* APIClient.swift */,
				EDEB13572D86E18500E57616 /* APIRouter.swift */,
			);
			path = API;
			sourceTree = "<group>";
		};
		F18F45A04FAC41A8673C0EC5 /* Frameworks */ = {
			isa = PBXGroup;
			children = (
				BB52F0DC6CC5237555FF6D7A /* Pods_NewYummUI.framework */,
			);
			name = Frameworks;
			sourceTree = "<group>";
		};
		FDFBE698645ED5D66A67D750 /* Pods */ = {
			isa = PBXGroup;
			children = (
				35597B6B6A0B1336675EC235 /* Pods-NewYummUI.debug.xcconfig */,
				B1EAFE37CEB614D945D15C8B /* Pods-NewYummUI.release.xcconfig */,
			);
			path = Pods;
			sourceTree = "<group>";
		};
/* End PBXGroup section */

/* Begin PBXNativeTarget section */
		EDEB13212D86E08D00E57616 /* NewYummUI */ = {
			isa = PBXNativeTarget;
			buildConfigurationList = EDEB134B2D86E09500E57616 /* Build configuration list for PBXNativeTarget "NewYummUI" */;
			buildPhases = (
				1D2BEC892C6368817D8FEB28 /* [CP] Check Pods Manifest.lock */,
				EDEB131E2D86E08D00E57616 /* Sources */,
				EDEB131F2D86E08D00E57616 /* Frameworks */,
				EDEB13202D86E08D00E57616 /* Resources */,
				72DF81CA70CA4A2154A86D61 /* [CP] Embed Pods Frameworks */,
			);
			buildRules = (
			);
			dependencies = (
			);
			name = NewYummUI;
			productName = NewYummUI;
			productReference = EDEB13222D86E08D00E57616 /* NewYummUI.app */;
			productType = "com.apple.product-type.application";
		};
		EDEB13362D86E09500E57616 /* NewYummUITests */ = {
			isa = PBXNativeTarget;
			buildConfigurationList = EDEB134E2D86E09500E57616 /* Build configuration list for PBXNativeTarget "NewYummUITests" */;
			buildPhases = (
				EDEB13332D86E09500E57616 /* Sources */,
				EDEB13342D86E09500E57616 /* Frameworks */,
				EDEB13352D86E09500E57616 /* Resources */,
			);
			buildRules = (
			);
			dependencies = (
				EDEB13392D86E09500E57616 /* PBXTargetDependency */,
			);
			name = NewYummUITests;
			productName = NewYummUITests;
			productReference = EDEB13372D86E09500E57616 /* NewYummUITests.xctest */;
			productType = "com.apple.product-type.bundle.unit-test";
		};
		EDEB13402D86E09500E57616 /* NewYummUIUITests */ = {
			isa = PBXNativeTarget;
			buildConfigurationList = EDEB13512D86E09500E57616 /* Build configuration list for PBXNativeTarget "NewYummUIUITests" */;
			buildPhases = (
				EDEB133D2D86E09500E57616 /* Sources */,
				EDEB133E2D86E09500E57616 /* Frameworks */,
				EDEB133F2D86E09500E57616 /* Resources */,
			);
			buildRules = (
			);
			dependencies = (
				EDEB13432D86E09500E57616 /* PBXTargetDependency */,
			);
			name = NewYummUIUITests;
			productName = NewYummUIUITests;
			productReference = EDEB13412D86E09500E57616 /* NewYummUIUITests.xctest */;
			productType = "com.apple.product-type.bundle.ui-testing";
		};
/* End PBXNativeTarget section */

/* Begin PBXProject section */
		EDEB131A2D86E08D00E57616 /* Project object */ = {
			isa = PBXProject;
			attributes = {
				BuildIndependentTargetsInParallel = 1;
				LastSwiftUpdateCheck = 1340;
				LastUpgradeCheck = 1340;
				TargetAttributes = {
					EDEB13212D86E08D00E57616 = {
						CreatedOnToolsVersion = 13.4.1;
					};
					EDEB13362D86E09500E57616 = {
						CreatedOnToolsVersion = 13.4.1;
						TestTargetID = EDEB13212D86E08D00E57616;
					};
					EDEB13402D86E09500E57616 = {
						CreatedOnToolsVersion = 13.4.1;
						TestTargetID = EDEB13212D86E08D00E57616;
					};
				};
			};
			buildConfigurationList = EDEB131D2D86E08D00E57616 /* Build configuration list for PBXProject "NewYummUI" */;
			compatibilityVersion = "Xcode 13.0";
			developmentRegion = en;
			hasScannedForEncodings = 0;
			knownRegions = (
				en,
				Base,
			);
			mainGroup = EDEB13192D86E08D00E57616;
			productRefGroup = EDEB13232D86E08D00E57616 /* Products */;
			projectDirPath = "";
			projectRoot = "";
			targets = (
				EDEB13212D86E08D00E57616 /* NewYummUI */,
				EDEB13362D86E09500E57616 /* NewYummUITests */,
				EDEB13402D86E09500E57616 /* NewYummUIUITests */,
			);
		};
/* End PBXProject section */

/* Begin PBXResourcesBuildPhase section */
		EDEB13202D86E08D00E57616 /* Resources */ = {
			isa = PBXResourcesBuildPhase;
			buildActionMask = 2147483647;
			files = (
				EDEB135C2D86F68900E57616 /* Podfile in Resources */,
				ED05867B2D8781D60087174F /* workouts_api.py in Resources */,
				EDEB132D2D86E09400E57616 /* Preview Assets.xcassets in Resources */,
				EDEB132A2D86E09400E57616 /* Assets.xcassets in Resources */,
			);
			runOnlyForDeploymentPostprocessing = 0;
		};
		EDEB13352D86E09500E57616 /* Resources */ = {
			isa = PBXResourcesBuildPhase;
			buildActionMask = 2147483647;
			files = (
			);
			runOnlyForDeploymentPostprocessing = 0;
		};
		EDEB133F2D86E09500E57616 /* Resources */ = {
			isa = PBXResourcesBuildPhase;
			buildActionMask = 2147483647;
			files = (
			);
			runOnlyForDeploymentPostprocessing = 0;
		};
/* End PBXResourcesBuildPhase section */

/* Begin PBXShellScriptBuildPhase section */
		1D2BEC892C6368817D8FEB28 /* [CP] Check Pods Manifest.lock */ = {
			isa = PBXShellScriptBuildPhase;
			buildActionMask = 2147483647;
			files = (
			);
			inputFileListPaths = (
			);
			inputPaths = (
				"${PODS_PODFILE_DIR_PATH}/Podfile.lock",
				"${PODS_ROOT}/Manifest.lock",
			);
			name = "[CP] Check Pods Manifest.lock";
			outputFileListPaths = (
			);
			outputPaths = (
				"$(DERIVED_FILE_DIR)/Pods-NewYummUI-checkManifestLockResult.txt",
			);
			runOnlyForDeploymentPostprocessing = 0;
			shellPath = /bin/sh;
			shellScript = "diff \"${PODS_PODFILE_DIR_PATH}/Podfile.lock\" \"${PODS_ROOT}/Manifest.lock\" > /dev/null\nif [ $? != 0 ] ; then\n    # print error to STDERR\n    echo \"error: The sandbox is not in sync with the Podfile.lock. Run 'pod install' or update your CocoaPods installation.\" >&2\n    exit 1\nfi\n# This output is used by Xcode 'outputs' to avoid re-running this script phase.\necho \"SUCCESS\" > \"${SCRIPT_OUTPUT_FILE_0}\"\n";
			showEnvVarsInLog = 0;
		};
		72DF81CA70CA4A2154A86D61 /* [CP] Embed Pods Frameworks */ = {
			isa = PBXShellScriptBuildPhase;
			buildActionMask = 2147483647;
			files = (
			);
			inputFileListPaths = (
				"${PODS_ROOT}/Target Support Files/Pods-NewYummUI/Pods-NewYummUI-frameworks-${CONFIGURATION}-input-files.xcfilelist",
			);
			name = "[CP] Embed Pods Frameworks";
			outputFileListPaths = (
				"${PODS_ROOT}/Target Support Files/Pods-NewYummUI/Pods-NewYummUI-frameworks-${CONFIGURATION}-output-files.xcfilelist",
			);
			runOnlyForDeploymentPostprocessing = 0;
			shellPath = /bin/sh;
			shellScript = "\"${PODS_ROOT}/Target Support Files/Pods-NewYummUI/Pods-NewYummUI-frameworks.sh\"\n";
			showEnvVarsInLog = 0;
		};
/* End PBXShellScriptBuildPhase section */

/* Begin PBXSourcesBuildPhase section */
		EDEB131E2D86E08D00E57616 /* Sources */ = {
			isa = PBXSourcesBuildPhase;
			buildActionMask = 2147483647;
			files = (
				EDEB135A2D86E18600E57616 /* APIRouter.swift in Sources */,
				EDEB13582D86E18600E57616 /* Constants.swift in Sources */,
				EDEB132F2D86E09400E57616 /* Persistence.swift in Sources */,
				ED1A379E2D87009D00412B45 /* Workout.swift in Sources */,
				EDEB13282D86E08D00E57616 /* ContentView.swift in Sources */,
				EDEB13322D86E09400E57616 /* NewYummUI.xcdatamodeld in Sources */,
				EDEB13262D86E08D00E57616 /* NewYummUIApp.swift in Sources */,
				EDEB13592D86E18600E57616 /* APIClient.swift in Sources */,
			);
			runOnlyForDeploymentPostprocessing = 0;
		};
		EDEB13332D86E09500E57616 /* Sources */ = {
			isa = PBXSourcesBuildPhase;
			buildActionMask = 2147483647;
			files = (
				EDEB133C2D86E09500E57616 /* NewYummUITests.swift in Sources */,
			);
			runOnlyForDeploymentPostprocessing = 0;
		};
		EDEB133D2D86E09500E57616 /* Sources */ = {
			isa = PBXSourcesBuildPhase;
			buildActionMask = 2147483647;
			files = (
				EDEB13462D86E09500E57616 /* NewYummUIUITests.swift in Sources */,
				EDEB13482D86E09500E57616 /* NewYummUIUITestsLaunchTests.swift in Sources */,
			);
			runOnlyForDeploymentPostprocessing = 0;
		};
/* End PBXSourcesBuildPhase section */

/* Begin PBXTargetDependency section */
		EDEB13392D86E09500E57616 /* PBXTargetDependency */ = {
			isa = PBXTargetDependency;
			target = EDEB13212D86E08D00E57616 /* NewYummUI */;
			targetProxy = EDEB13382D86E09500E57616 /* PBXContainerItemProxy */;
		};
		EDEB13432D86E09500E57616 /* PBXTargetDependency */ = {
			isa = PBXTargetDependency;
			target = EDEB13212D86E08D00E57616 /* NewYummUI */;
			targetProxy = EDEB13422D86E09500E57616 /* PBXContainerItemProxy */;
		};
/* End PBXTargetDependency section */

/* Begin XCBuildConfiguration section */
		EDEB13492D86E09500E57616 /* Debug */ = {
			isa = XCBuildConfiguration;
			buildSettings = {
				ALWAYS_SEARCH_USER_PATHS = NO;
				CLANG_ANALYZER_NONNULL = YES;
				CLANG_ANALYZER_NUMBER_OBJECT_CONVERSION = YES_AGGRESSIVE;
				CLANG_CXX_LANGUAGE_STANDARD = "gnu++17";
				CLANG_ENABLE_MODULES = YES;
				CLANG_ENABLE_OBJC_ARC = YES;
				CLANG_ENABLE_OBJC_WEAK = YES;
				CLANG_WARN_BLOCK_CAPTURE_AUTORELEASING = YES;
				CLANG_WARN_BOOL_CONVERSION = YES;
				CLANG_WARN_COMMA = YES;
				CLANG_WARN_CONSTANT_CONVERSION = YES;
				CLANG_WARN_DEPRECATED_OBJC_IMPLEMENTATIONS = YES;
				CLANG_WARN_DIRECT_OBJC_ISA_USAGE = YES_ERROR;
				CLANG_WARN_DOCUMENTATION_COMMENTS = YES;
				CLANG_WARN_EMPTY_BODY = YES;
				CLANG_WARN_ENUM_CONVERSION = YES;
				CLANG_WARN_INFINITE_RECURSION = YES;
				CLANG_WARN_INT_CONVERSION = YES;
				CLANG_WARN_NON_LITERAL_NULL_CONVERSION = YES;
				CLANG_WARN_OBJC_IMPLICIT_RETAIN_SELF = YES;
				CLANG_WARN_OBJC_LITERAL_CONVERSION = YES;
				CLANG_WARN_OBJC_ROOT_CLASS = YES_ERROR;
				CLANG_WARN_QUOTED_INCLUDE_IN_FRAMEWORK_HEADER = YES;
				CLANG_WARN_RANGE_LOOP_ANALYSIS = YES;
				CLANG_WARN_STRICT_PROTOTYPES = YES;
				CLANG_WARN_SUSPICIOUS_MOVE = YES;
				CLANG_WARN_UNGUARDED_AVAILABILITY = YES_AGGRESSIVE;
				CLANG_WARN_UNREACHABLE_CODE = YES;
				CLANG_WARN__DUPLICATE_METHOD_MATCH = YES;
				COPY_PHASE_STRIP = NO;
				DEBUG_INFORMATION_FORMAT = dwarf;
				ENABLE_STRICT_OBJC_MSGSEND = YES;
				ENABLE_TESTABILITY = YES;
				GCC_C_LANGUAGE_STANDARD = gnu11;
				GCC_DYNAMIC_NO_PIC = NO;
				GCC_NO_COMMON_BLOCKS = YES;
				GCC_OPTIMIZATION_LEVEL = 0;
				GCC_PREPROCESSOR_DEFINITIONS = (
					"DEBUG=1",
					"$(inherited)",
				);
				GCC_WARN_64_TO_32_BIT_CONVERSION = YES;
				GCC_WARN_ABOUT_RETURN_TYPE = YES_ERROR;
				GCC_WARN_UNDECLARED_SELECTOR = YES;
				GCC_WARN_UNINITIALIZED_AUTOS = YES_AGGRESSIVE;
				GCC_WARN_UNUSED_FUNCTION = YES;
				GCC_WARN_UNUSED_VARIABLE = YES;
				IPHONEOS_DEPLOYMENT_TARGET = 15.5;
				MTL_ENABLE_DEBUG_INFO = INCLUDE_SOURCE;
				MTL_FAST_MATH = YES;
				ONLY_ACTIVE_ARCH = YES;
				SDKROOT = iphoneos;
				SWIFT_ACTIVE_COMPILATION_CONDITIONS = DEBUG;
				SWIFT_OPTIMIZATION_LEVEL = "-Onone";
			};
			name = Debug;
		};
		EDEB134A2D86E09500E57616 /* Release */ = {
			isa = XCBuildConfiguration;
			buildSettings = {
				ALWAYS_SEARCH_USER_PATHS = NO;
				CLANG_ANALYZER_NONNULL = YES;
				CLANG_ANALYZER_NUMBER_OBJECT_CONVERSION = YES_AGGRESSIVE;
				CLANG_CXX_LANGUAGE_STANDARD = "gnu++17";
				CLANG_ENABLE_MODULES = YES;
				CLANG_ENABLE_OBJC_ARC = YES;
				CLANG_ENABLE_OBJC_WEAK = YES;
				CLANG_WARN_BLOCK_CAPTURE_AUTORELEASING = YES;
				CLANG_WARN_BOOL_CONVERSION = YES;
				CLANG_WARN_COMMA = YES;
				CLANG_WARN_CONSTANT_CONVERSION = YES;
				CLANG_WARN_DEPRECATED_OBJC_IMPLEMENTATIONS = YES;
				CLANG_WARN_DIRECT_OBJC_ISA_USAGE = YES_ERROR;
				CLANG_WARN_DOCUMENTATION_COMMENTS = YES;
				CLANG_WARN_EMPTY_BODY = YES;
				CLANG_WARN_ENUM_CONVERSION = YES;
				CLANG_WARN_INFINITE_RECURSION = YES;
				CLANG_WARN_INT_CONVERSION = YES;
				CLANG_WARN_NON_LITERAL_NULL_CONVERSION = YES;
				CLANG_WARN_OBJC_IMPLICIT_RETAIN_SELF = YES;
				CLANG_WARN_OBJC_LITERAL_CONVERSION = YES;
				CLANG_WARN_OBJC_ROOT_CLASS = YES_ERROR;
				CLANG_WARN_QUOTED_INCLUDE_IN_FRAMEWORK_HEADER = YES;
				CLANG_WARN_RANGE_LOOP_ANALYSIS = YES;
				CLANG_WARN_STRICT_PROTOTYPES = YES;
				CLANG_WARN_SUSPICIOUS_MOVE = YES;
				CLANG_WARN_UNGUARDED_AVAILABILITY = YES_AGGRESSIVE;
				CLANG_WARN_UNREACHABLE_CODE = YES;
				CLANG_WARN__DUPLICATE_METHOD_MATCH = YES;
				COPY_PHASE_STRIP = NO;
				DEBUG_INFORMATION_FORMAT = "dwarf-with-dsym";
				ENABLE_NS_ASSERTIONS = NO;
				ENABLE_STRICT_OBJC_MSGSEND = YES;
				GCC_C_LANGUAGE_STANDARD = gnu11;
				GCC_NO_COMMON_BLOCKS = YES;
				GCC_WARN_64_TO_32_BIT_CONVERSION = YES;
				GCC_WARN_ABOUT_RETURN_TYPE = YES_ERROR;
				GCC_WARN_UNDECLARED_SELECTOR = YES;
				GCC_WARN_UNINITIALIZED_AUTOS = YES_AGGRESSIVE;
				GCC_WARN_UNUSED_FUNCTION = YES;
				GCC_WARN_UNUSED_VARIABLE = YES;
				IPHONEOS_DEPLOYMENT_TARGET = 15.5;
				MTL_ENABLE_DEBUG_INFO = NO;
				MTL_FAST_MATH = YES;
				SDKROOT = iphoneos;
				SWIFT_COMPILATION_MODE = wholemodule;
				SWIFT_OPTIMIZATION_LEVEL = "-O";
				VALIDATE_PRODUCT = YES;
			};
			name = Release;
		};
		EDEB134C2D86E09500E57616 /* Debug */ = {
			isa = XCBuildConfiguration;
			baseConfigurationReference = 35597B6B6A0B1336675EC235 /* Pods-NewYummUI.debug.xcconfig */;
			buildSettings = {
				ASSETCATALOG_COMPILER_APPICON_NAME = AppIcon;
				ASSETCATALOG_COMPILER_GLOBAL_ACCENT_COLOR_NAME = AccentColor;
				CODE_SIGN_STYLE = Automatic;
				CURRENT_PROJECT_VERSION = 1;
				DEVELOPMENT_ASSET_PATHS = "\"NewYummUI/Preview Content\"";
				ENABLE_PREVIEWS = YES;
				GENERATE_INFOPLIST_FILE = YES;
				INFOPLIST_KEY_UIApplicationSceneManifest_Generation = YES;
				INFOPLIST_KEY_UIApplicationSupportsIndirectInputEvents = YES;
				INFOPLIST_KEY_UILaunchScreen_Generation = YES;
				INFOPLIST_KEY_UISupportedInterfaceOrientations_iPad = "UIInterfaceOrientationPortrait UIInterfaceOrientationPortraitUpsideDown UIInterfaceOrientationLandscapeLeft UIInterfaceOrientationLandscapeRight";
				INFOPLIST_KEY_UISupportedInterfaceOrientations_iPhone = "UIInterfaceOrientationPortrait UIInterfaceOrientationLandscapeLeft UIInterfaceOrientationLandscapeRight";
				LD_RUNPATH_SEARCH_PATHS = (
					"$(inherited)",
					"@executable_path/Frameworks",
				);
				MARKETING_VERSION = 1.0;
				PRODUCT_BUNDLE_IDENTIFIER = com.68lion.NewYummUI;
				PRODUCT_NAME = "$(TARGET_NAME)";
				SWIFT_EMIT_LOC_STRINGS = YES;
				SWIFT_VERSION = 5.0;
				TARGETED_DEVICE_FAMILY = "1,2";
			};
			name = Debug;
		};
		EDEB134D2D86E09500E57616 /* Release */ = {
			isa = XCBuildConfiguration;
			baseConfigurationReference = B1EAFE37CEB614D945D15C8B /* Pods-NewYummUI.release.xcconfig */;
			buildSettings = {
				ASSETCATALOG_COMPILER_APPICON_NAME = AppIcon;
				ASSETCATALOG_COMPILER_GLOBAL_ACCENT_COLOR_NAME = AccentColor;
				CODE_SIGN_STYLE = Automatic;
				CURRENT_PROJECT_VERSION = 1;
				DEVELOPMENT_ASSET_PATHS = "\"NewYummUI/Preview Content\"";
				ENABLE_PREVIEWS = YES;
				GENERATE_INFOPLIST_FILE = YES;
				INFOPLIST_KEY_UIApplicationSceneManifest_Generation = YES;
				INFOPLIST_KEY_UIApplicationSupportsIndirectInputEvents = YES;
				INFOPLIST_KEY_UILaunchScreen_Generation = YES;
				INFOPLIST_KEY_UISupportedInterfaceOrientations_iPad = "UIInterfaceOrientationPortrait UIInterfaceOrientationPortraitUpsideDown UIInterfaceOrientationLandscapeLeft UIInterfaceOrientationLandscapeRight";
				INFOPLIST_KEY_UISupportedInterfaceOrientations_iPhone = "UIInterfaceOrientationPortrait UIInterfaceOrientationLandscapeLeft UIInterfaceOrientationLandscapeRight";
				LD_RUNPATH_SEARCH_PATHS = (
					"$(inherited)",
					"@executable_path/Frameworks",
				);
				MARKETING_VERSION = 1.0;
				PRODUCT_BUNDLE_IDENTIFIER = com.68lion.NewYummUI;
				PRODUCT_NAME = "$(TARGET_NAME)";
				SWIFT_EMIT_LOC_STRINGS = YES;
				SWIFT_VERSION = 5.0;
				TARGETED_DEVICE_FAMILY = "1,2";
			};
			name = Release;
		};
		EDEB134F2D86E09500E57616 /* Debug */ = {
			isa = XCBuildConfiguration;
			buildSettings = {
				ALWAYS_EMBED_SWIFT_STANDARD_LIBRARIES = YES;
				BUNDLE_LOADER = "$(TEST_HOST)";
				CODE_SIGN_STYLE = Automatic;
				CURRENT_PROJECT_VERSION = 1;
				GENERATE_INFOPLIST_FILE = YES;
				IPHONEOS_DEPLOYMENT_TARGET = 15.5;
				MARKETING_VERSION = 1.0;
				PRODUCT_BUNDLE_IDENTIFIER = com.68lion.NewYummUITests;
				PRODUCT_NAME = "$(TARGET_NAME)";
				SWIFT_EMIT_LOC_STRINGS = NO;
				SWIFT_VERSION = 5.0;
				TARGETED_DEVICE_FAMILY = "1,2";
				TEST_HOST = "$(BUILT_PRODUCTS_DIR)/NewYummUI.app/NewYummUI";
			};
			name = Debug;
		};
		EDEB13502D86E09500E57616 /* Release */ = {
			isa = XCBuildConfiguration;
			buildSettings = {
				ALWAYS_EMBED_SWIFT_STANDARD_LIBRARIES = YES;
				BUNDLE_LOADER = "$(TEST_HOST)";
				CODE_SIGN_STYLE = Automatic;
				CURRENT_PROJECT_VERSION = 1;
				GENERATE_INFOPLIST_FILE = YES;
				IPHONEOS_DEPLOYMENT_TARGET = 15.5;
				MARKETING_VERSION = 1.0;
				PRODUCT_BUNDLE_IDENTIFIER = com.68lion.NewYummUITests;
				PRODUCT_NAME = "$(TARGET_NAME)";
				SWIFT_EMIT_LOC_STRINGS = NO;
				SWIFT_VERSION = 5.0;
				TARGETED_DEVICE_FAMILY = "1,2";
				TEST_HOST = "$(BUILT_PRODUCTS_DIR)/NewYummUI.app/NewYummUI";
			};
			name = Release;
		};
		EDEB13522D86E09500E57616 /* Debug */ = {
			isa = XCBuildConfiguration;
			buildSettings = {
				ALWAYS_EMBED_SWIFT_STANDARD_LIBRARIES = YES;
				CODE_SIGN_STYLE = Automatic;
				CURRENT_PROJECT_VERSION = 1;
				GENERATE_INFOPLIST_FILE = YES;
				MARKETING_VERSION = 1.0;
				PRODUCT_BUNDLE_IDENTIFIER = com.68lion.NewYummUIUITests;
				PRODUCT_NAME = "$(TARGET_NAME)";
				SWIFT_EMIT_LOC_STRINGS = NO;
				SWIFT_VERSION = 5.0;
				TARGETED_DEVICE_FAMILY = "1,2";
				TEST_TARGET_NAME = NewYummUI;
			};
			name = Debug;
		};
		EDEB13532D86E09500E57616 /* Release */ = {
			isa = XCBuildConfiguration;
			buildSettings = {
				ALWAYS_EMBED_SWIFT_STANDARD_LIBRARIES = YES;
				CODE_SIGN_STYLE = Automatic;
				CURRENT_PROJECT_VERSION = 1;
				GENERATE_INFOPLIST_FILE = YES;
				MARKETING_VERSION = 1.0;
				PRODUCT_BUNDLE_IDENTIFIER = com.68lion.NewYummUIUITests;
				PRODUCT_NAME = "$(TARGET_NAME)";
				SWIFT_EMIT_LOC_STRINGS = NO;
				SWIFT_VERSION = 5.0;
				TARGETED_DEVICE_FAMILY = "1,2";
				TEST_TARGET_NAME = NewYummUI;
			};
			name = Release;
		};
/* End XCBuildConfiguration section */

/* Begin XCConfigurationList section */
		EDEB131D2D86E08D00E57616 /* Build configuration list for PBXProject "NewYummUI" */ = {
			isa = XCConfigurationList;
			buildConfigurations = (
				EDEB13492D86E09500E57616 /* Debug */,
				EDEB134A2D86E09500E57616 /* Release */,
			);
			defaultConfigurationIsVisible = 0;
			defaultConfigurationName = Release;
		};
		EDEB134B2D86E09500E57616 /* Build configuration list for PBXNativeTarget "NewYummUI" */ = {
			isa = XCConfigurationList;
			buildConfigurations = (
				EDEB134C2D86E09500E57616 /* Debug */,
				EDEB134D2D86E09500E57616 /* Release */,
			);
			defaultConfigurationIsVisible = 0;
			defaultConfigurationName = Release;
		};
		EDEB134E2D86E09500E57616 /* Build configuration list for PBXNativeTarget "NewYummUITests" */ = {
			isa = XCConfigurationList;
			buildConfigurations = (
				EDEB134F2D86E09500E57616 /* Debug */,
				EDEB13502D86E09500E57616 /* Release */,
			);
			defaultConfigurationIsVisible = 0;
			defaultConfigurationName = Release;
		};
		EDEB13512D86E09500E57616 /* Build configuration list for PBXNativeTarget "NewYummUIUITests" */ = {
			isa = XCConfigurationList;
			buildConfigurations = (
				EDEB13522D86E09500E57616 /* Debug */,
				EDEB13532D86E09500E57616 /* Release */,
			);
			defaultConfigurationIsVisible = 0;
			defaultConfigurationName = Release;
		};
/* End XCConfigurationList section */

/* Begin XCVersionGroup section */
		EDEB13302D86E09400E57616 /* NewYummUI.xcdatamodeld */ = {
			isa = XCVersionGroup;
			children = (
				EDEB13312D86E09400E57616 /* NewYummUI.xcdatamodel */,
			);
			currentVersion = EDEB13312D86E09400E57616 /* NewYummUI.xcdatamodel */;
			path = NewYummUI.xcdatamodeld;
			sourceTree = "<group>";
			versionGroupType = wrapper.xcdatamodel;
		};
/* End XCVersionGroup section */
	};
	rootObject = EDEB131A2D86E08D00E57616 /* Project object */;
}
